{
  "name": "jovylle-themes",
  "version": "1.0.0",
  "lockfileVersion": 3,
  "requires": true,
  "packages": {
    "": {
      "name": "jovylle-themes",
      "version": "1.0.0",
      "devDependencies": {
        "netlify-plugin-credit-shield": "^1.0.0"
      }
    },
    "node_modules/netlify-plugin-credit-shield": {
      "version": "1.0.0",
      "resolved": "https://registry.npmjs.org/netlify-plugin-credit-shield/-/netlify-plugin-credit-shield-1.0.0.tgz",
      "integrity": "sha512-UTZniTRBs4OBqEeq2IHhmNy4hmTIKx0m+ZwtZHumxU6bEFcGccxgdpb+D32WH9GOpMBCvc7gQY0XjLCxUK5iUQ==",
      "dev": true,
      "license": "MIT",
      "bin": {
        "credit-shield": "cli.js"
      }
    }
  }
}
